
Microsoft Visual Studio Solution File, Format Version 12.00
# Visual Studio 14
VisualStudioVersion = 14.0.25123.0
MinimumVisualStudioVersion = 10.0.40219.1
Project("{FAE04EC0-301F-11D3-BF4B-00C04F79EFBC}") = "MaintInfoBo", "MaintInfoBo\MaintInfoBo.csproj", "{8AF3952F-4980-47C1-9201-852D5D7910A4}"
EndProject
Project("{FAE04EC0-301F-11D3-BF4B-00C04F79EFBC}") = "MaintInfoDal", "MaintInfoDal\MaintInfoDal.csproj", "{39BB7BCA-2816-4EBB-9BFE-369932736D38}"
EndProject
Project("{FAE04EC0-301F-11D3-BF4B-00C04F79EFBC}") = "MaintInfoBll", "MaintInfoBll\MaintInfoBll.csproj", "{84013816-8E3B-4AB4-A6A4-D430AB2BC636}"
EndProject
Project("{FAE04EC0-301F-11D3-BF4B-00C04F79EFBC}") = "MaintInfoCreationBase", "MaintInfoCreationBase\MaintInfoCreationBase.csproj", "{3B7CB645-5128-430D-933D-2DD2E521A294}"
EndProject
Project("{FAE04EC0-301F-11D3-BF4B-00C04F79EFBC}") = "ConsoleTests", "ConsoleTests\ConsoleTests.csproj", "{45D5E2D3-4EB5-4314-A99C-5DE8769EF3BC}"
EndProject
Project("{FAE04EC0-301F-11D3-BF4B-00C04F79EFBC}") = "MaintInfoWebMvc", "MaintInfoWebMvc\MaintInfoWebMvc.csproj", "{0D065887-5CF0-4202-9F2D-9A3BD0C9773A}"
EndProject
Project("{FAE04EC0-301F-11D3-BF4B-00C04F79EFBC}") = "MaintInfoWebMvc.Tests", "MaintInfoWebMvc.Tests\MaintInfoWebMvc.Tests.csproj", "{2770945F-3A78-4ECB-91AB-FA27332E661A}"
EndProject
Global
	GlobalSection(SolutionConfigurationPlatforms) = preSolution
		Debug|Any CPU = Debug|Any CPU
		Release|Any CPU = Release|Any CPU
	EndGlobalSection
	GlobalSection(ProjectConfigurationPlatforms) = postSolution
		{8AF3952F-4980-47C1-9201-852D5D7910A4}.Debug|Any CPU.ActiveCfg = Debug|Any CPU
		{8AF3952F-4980-47C1-9201-852D5D7910A4}.Debug|Any CPU.Build.0 = Debug|Any CPU
		{8AF3952F-4980-47C1-9201-852D5D7910A4}.Release|Any CPU.ActiveCfg = Release|Any CPU
		{8AF3952F-4980-47C1-9201-852D5D7910A4}.Release|Any CPU.Build.0 = Release|Any CPU
		{39BB7BCA-2816-4EBB-9BFE-369932736D38}.Debug|Any CPU.ActiveCfg = Debug|Any CPU
		{39BB7BCA-2816-4EBB-9BFE-369932736D38}.Debug|Any CPU.Build.0 = Debug|Any CPU
		{39BB7BCA-2816-4EBB-9BFE-369932736D38}.Release|Any CPU.ActiveCfg = Release|Any CPU
		{39BB7BCA-2816-4EBB-9BFE-369932736D38}.Release|Any CPU.Build.0 = Release|Any CPU
		{84013816-8E3B-4AB4-A6A4-D430AB2BC636}.Debug|Any CPU.ActiveCfg = Debug|Any CPU
		{84013816-8E3B-4AB4-A6A4-D430AB2BC636}.Debug|Any CPU.Build.0 = Debug|Any CPU
		{84013816-8E3B-4AB4-A6A4-D430AB2BC636}.Release|Any CPU.ActiveCfg = Release|Any CPU
		{84013816-8E3B-4AB4-A6A4-D430AB2BC636}.Release|Any CPU.Build.0 = Release|Any CPU
		{3B7CB645-5128-430D-933D-2DD2E521A294}.Debug|Any CPU.ActiveCfg = Debug|Any CPU
		{3B7CB645-5128-430D-933D-2DD2E521A294}.Debug|Any CPU.Build.0 = Debug|Any CPU
		{3B7CB645-5128-430D-933D-2DD2E521A294}.Release|Any CPU.ActiveCfg = Release|Any CPU
		{3B7CB645-5128-430D-933D-2DD2E521A294}.Release|Any CPU.Build.0 = Release|Any CPU
		{45D5E2D3-4EB5-4314-A99C-5DE8769EF3BC}.Debug|Any CPU.ActiveCfg = Debug|Any CPU
		{45D5E2D3-4EB5-4314-A99C-5DE8769EF3BC}.Debug|Any CPU.Build.0 = Debug|Any CPU
		{45D5E2D3-4EB5-4314-A99C-5DE8769EF3BC}.Release|Any CPU.ActiveCfg = Release|Any CPU
		{45D5E2D3-4EB5-4314-A99C-5DE8769EF3BC}.Release|Any CPU.Build.0 = Release|Any CPU
		{0D065887-5CF0-4202-9F2D-9A3BD0C9773A}.Debug|Any CPU.ActiveCfg = Debug|Any CPU
		{0D065887-5CF0-4202-9F2D-9A3BD0C9773A}.Debug|Any CPU.Build.0 = Debug|Any CPU
		{0D065887-5CF0-4202-9F2D-9A3BD0C9773A}.Release|Any CPU.ActiveCfg = Release|Any CPU
		{0D065887-5CF0-4202-9F2D-9A3BD0C9773A}.Release|Any CPU.Build.0 = Release|Any CPU
		{2770945F-3A78-4ECB-91AB-FA27332E661A}.Debug|Any CPU.ActiveCfg = Debug|Any CPU
		{2770945F-3A78-4ECB-91AB-FA27332E661A}.Debug|Any CPU.Build.0 = Debug|Any CPU
		{2770945F-3A78-4ECB-91AB-FA27332E661A}.Release|Any CPU.ActiveCfg = Release|Any CPU
		{2770945F-3A78-4ECB-91AB-FA27332E661A}.Release|Any CPU.Build.0 = Release|Any CPU
	EndGlobalSection
	GlobalSection(SolutionProperties) = preSolution
		HideSolutionNode = FALSE
	EndGlobalSection
EndGlobal
